
Microsoft Visual Studio Solution File, Format Version 12.00
# Visual Studio 15
VisualStudioVersion = 15.0.28307.489
MinimumVisualStudioVersion = 10.0.40219.1
Project("{888888A0-9F3D-457C-B088-3A5042F75D52}") = "PythonApplication4", "PythonApplication4\PythonApplication4.pyproj", "{3F3FE186-4953-40E5-B77D-F91297BD31CD}"
EndProject
Global
	GlobalSection(SolutionConfigurationPlatforms) = preSolution
		Debug|Any CPU = Debug|Any CPU
		Release|Any CPU = Release|Any CPU
	EndGlobalSection
	GlobalSection(ProjectConfigurationPlatforms) = postSolution
		{3F3FE186-4953-40E5-B77D-F91297BD31CD}.Debug|Any CPU.ActiveCfg = Debug|Any CPU
		{3F3FE186-4953-40E5-B77D-F91297BD31CD}.Release|Any CPU.ActiveCfg = Release|Any CPU
	EndGlobalSection
	GlobalSection(SolutionProperties) = preSolution
		HideSolutionNode = FALSE
	EndGlobalSection
	GlobalSection(ExtensibilityGlobals) = postSolution
		SolutionGuid = {734E21C0-F9F9-472F-BBB1-DD47221B7F09}
	EndGlobalSection
EndGlobal
